
Microsoft Visual Studio Solution File, Format Version 11.00
# Visual Studio 2010
Project("{FAE04EC0-301F-11D3-BF4B-00C04F79EFBC}") = "Zenject", "Zenject.csproj", "{7167b2bf-9bbf-4e7c-8511-442965fe5f20}"
EndProject
Project("{FAE04EC0-301F-11D3-BF4B-00C04F79EFBC}") = "Assembly-CSharp", "Assembly-CSharp.csproj", "{10399da9-0275-9927-a1e2-aa7f43767668}"
EndProject
Project("{FAE04EC0-301F-11D3-BF4B-00C04F79EFBC}") = "Zenject-Editor", "Zenject-Editor.csproj", "{04d1303a-ce7e-0385-41ca-d295b0c29d32}"
EndProject
Global
	GlobalSection(SolutionConfigurationPlatforms) = preSolution
		Debug|Any CPU = Debug|Any CPU
	EndGlobalSection
	GlobalSection(ProjectConfigurationPlatforms) = postSolution
		{7167b2bf-9bbf-4e7c-8511-442965fe5f20}.Debug|Any CPU.ActiveCfg = Debug|Any CPU
		{7167b2bf-9bbf-4e7c-8511-442965fe5f20}.Debug|Any CPU.Build.0 = Debug|Any CPU
		{10399da9-0275-9927-a1e2-aa7f43767668}.Debug|Any CPU.ActiveCfg = Debug|Any CPU
		{10399da9-0275-9927-a1e2-aa7f43767668}.Debug|Any CPU.Build.0 = Debug|Any CPU
		{04d1303a-ce7e-0385-41ca-d295b0c29d32}.Debug|Any CPU.ActiveCfg = Debug|Any CPU
		{04d1303a-ce7e-0385-41ca-d295b0c29d32}.Debug|Any CPU.Build.0 = Debug|Any CPU
	EndGlobalSection
	GlobalSection(SolutionProperties) = preSolution
		HideSolutionNode = FALSE
	EndGlobalSection
EndGlobal
